
Microsoft Visual Studio Solution File, Format Version 12.00
# Visual Studio Version 17
VisualStudioVersion = 17.12.35707.178
MinimumVisualStudioVersion = 10.0.40219.1
Project("{FAE04EC0-301F-11D3-BF4B-00C04F79EFBC}") = "Test4AbstractionSalaries", "Test4AbstractionSalaries\Test4AbstractionSalaries.csproj", "{ABD5C40C-0461-4408-9D3A-C56116EFA412}"
EndProject
Project("{FAE04EC0-301F-11D3-BF4B-00C04F79EFBC}") = "Test4InterfacesAnimals", "Test4InterfacesAnimals\Test4InterfacesAnimals.csproj", "{C83B932F-55BA-4150-9FD9-9EFE3756F7A4}"
EndProject
Project("{FAE04EC0-301F-11D3-BF4B-00C04F79EFBC}") = "Test4TemplateApp", "Test4TemplateApp\Test4TemplateApp.csproj", "{2AE548CD-6742-4781-B49F-9FEB8DD78832}"
EndProject
Project("{FAE04EC0-301F-11D3-BF4B-00C04F79EFBC}") = "Test4Overwrite", "Test4Overwrite\Test4Overwrite.csproj", "{E147F3D4-54CA-450F-BD36-ABF7F179A063}"
EndProject
Project("{FAE04EC0-301F-11D3-BF4B-00C04F79EFBC}") = "Test5MathOperations", "Test5MathOperations\Test5MathOperations.csproj", "{FF69C37F-9C39-4A7F-AA0C-774A6C7903EC}"
EndProject
Project("{FAE04EC0-301F-11D3-BF4B-00C04F79EFBC}") = "Test5People", "Test5People\Test5People.csproj", "{EE2BE422-BE8B-4668-B7B0-98587486FD69}"
EndProject
Project("{FAE04EC0-301F-11D3-BF4B-00C04F79EFBC}") = "Test5Library", "Test5Library\Test5Library.csproj", "{17A36682-53B9-469E-A9B5-45926A547ACA}"
EndProject
Project("{FAE04EC0-301F-11D3-BF4B-00C04F79EFBC}") = "Test5PersonComparison", "Test5PersonComparison\Test5PersonComparison.csproj", "{5C0FE0AC-D813-4C42-8A35-17921FC35CDD}"
EndProject
Project("{FAE04EC0-301F-11D3-BF4B-00C04F79EFBC}") = "Test5NameFiltering", "Test5NameFiltering\Test5NameFiltering.csproj", "{BD829585-0D17-485C-8F1B-88B291967171}"
EndProject
Project("{FAE04EC0-301F-11D3-BF4B-00C04F79EFBC}") = "Test5Delegate", "Test5Delegate\Test5Delegate.csproj", "{99B42DA9-AE23-49B1-BEC6-8B0D60072D23}"
EndProject
Project("{FAE04EC0-301F-11D3-BF4B-00C04F79EFBC}") = "Test5OddNumbers", "Test5OddNumbers\Test5OddNumbers.csproj", "{012C9FF2-3007-420D-990D-B8E9FBE3B81B}"
EndProject
Project("{FAE04EC0-301F-11D3-BF4B-00C04F79EFBC}") = "Test5OddNumbers2", "Test5OddNumbers2\Test5OddNumbers2.csproj", "{4761CF81-EC98-48A7-8C90-52A83187712B}"
EndProject
Project("{FAE04EC0-301F-11D3-BF4B-00C04F79EFBC}") = "Test6ArrayList", "Test6ArrayList\Test6ArrayList.csproj", "{8D060792-2475-42F7-8BAF-95F5884FAAFE}"
EndProject
Project("{FAE04EC0-301F-11D3-BF4B-00C04F79EFBC}") = "Test5Elements", "Test5Elements\Test5Elements.csproj", "{5D243B3F-EB05-4732-A2B1-47C4A4E3FE9E}"
EndProject
Project("{FAE04EC0-301F-11D3-BF4B-00C04F79EFBC}") = "Test5BubbleSort", "Test5BubbleSort\Test5BubbleSort.csproj", "{B1456CB3-0BBA-4114-9D34-BA1F906910C0}"
EndProject
Project("{FAE04EC0-301F-11D3-BF4B-00C04F79EFBC}") = "Test11SString", "Test11SString\Test11SString.csproj", "{9377057D-107A-4381-9A40-921F952B9ABF}"
EndProject
Global
	GlobalSection(SolutionConfigurationPlatforms) = preSolution
		Debug|Any CPU = Debug|Any CPU
		Release|Any CPU = Release|Any CPU
	EndGlobalSection
	GlobalSection(ProjectConfigurationPlatforms) = postSolution
		{ABD5C40C-0461-4408-9D3A-C56116EFA412}.Debug|Any CPU.ActiveCfg = Debug|Any CPU
		{ABD5C40C-0461-4408-9D3A-C56116EFA412}.Debug|Any CPU.Build.0 = Debug|Any CPU
		{ABD5C40C-0461-4408-9D3A-C56116EFA412}.Release|Any CPU.ActiveCfg = Release|Any CPU
		{ABD5C40C-0461-4408-9D3A-C56116EFA412}.Release|Any CPU.Build.0 = Release|Any CPU
		{C83B932F-55BA-4150-9FD9-9EFE3756F7A4}.Debug|Any CPU.ActiveCfg = Debug|Any CPU
		{C83B932F-55BA-4150-9FD9-9EFE3756F7A4}.Debug|Any CPU.Build.0 = Debug|Any CPU
		{C83B932F-55BA-4150-9FD9-9EFE3756F7A4}.Release|Any CPU.ActiveCfg = Release|Any CPU
		{C83B932F-55BA-4150-9FD9-9EFE3756F7A4}.Release|Any CPU.Build.0 = Release|Any CPU
		{2AE548CD-6742-4781-B49F-9FEB8DD78832}.Debug|Any CPU.ActiveCfg = Debug|Any CPU
		{2AE548CD-6742-4781-B49F-9FEB8DD78832}.Debug|Any CPU.Build.0 = Debug|Any CPU
		{2AE548CD-6742-4781-B49F-9FEB8DD78832}.Release|Any CPU.ActiveCfg = Release|Any CPU
		{2AE548CD-6742-4781-B49F-9FEB8DD78832}.Release|Any CPU.Build.0 = Release|Any CPU
		{E147F3D4-54CA-450F-BD36-ABF7F179A063}.Debug|Any CPU.ActiveCfg = Debug|Any CPU
		{E147F3D4-54CA-450F-BD36-ABF7F179A063}.Debug|Any CPU.Build.0 = Debug|Any CPU
		{E147F3D4-54CA-450F-BD36-ABF7F179A063}.Release|Any CPU.ActiveCfg = Release|Any CPU
		{E147F3D4-54CA-450F-BD36-ABF7F179A063}.Release|Any CPU.Build.0 = Release|Any CPU
		{FF69C37F-9C39-4A7F-AA0C-774A6C7903EC}.Debug|Any CPU.ActiveCfg = Debug|Any CPU
		{FF69C37F-9C39-4A7F-AA0C-774A6C7903EC}.Debug|Any CPU.Build.0 = Debug|Any CPU
		{FF69C37F-9C39-4A7F-AA0C-774A6C7903EC}.Release|Any CPU.ActiveCfg = Release|Any CPU
		{FF69C37F-9C39-4A7F-AA0C-774A6C7903EC}.Release|Any CPU.Build.0 = Release|Any CPU
		{EE2BE422-BE8B-4668-B7B0-98587486FD69}.Debug|Any CPU.ActiveCfg = Debug|Any CPU
		{EE2BE422-BE8B-4668-B7B0-98587486FD69}.Debug|Any CPU.Build.0 = Debug|Any CPU
		{EE2BE422-BE8B-4668-B7B0-98587486FD69}.Release|Any CPU.ActiveCfg = Release|Any CPU
		{EE2BE422-BE8B-4668-B7B0-98587486FD69}.Release|Any CPU.Build.0 = Release|Any CPU
		{17A36682-53B9-469E-A9B5-45926A547ACA}.Debug|Any CPU.ActiveCfg = Debug|Any CPU
		{17A36682-53B9-469E-A9B5-45926A547ACA}.Debug|Any CPU.Build.0 = Debug|Any CPU
		{17A36682-53B9-469E-A9B5-45926A547ACA}.Release|Any CPU.ActiveCfg = Release|Any CPU
		{17A36682-53B9-469E-A9B5-45926A547ACA}.Release|Any CPU.Build.0 = Release|Any CPU
		{5C0FE0AC-D813-4C42-8A35-17921FC35CDD}.Debug|Any CPU.ActiveCfg = Debug|Any CPU
		{5C0FE0AC-D813-4C42-8A35-17921FC35CDD}.Debug|Any CPU.Build.0 = Debug|Any CPU
		{5C0FE0AC-D813-4C42-8A35-17921FC35CDD}.Release|Any CPU.ActiveCfg = Release|Any CPU
		{5C0FE0AC-D813-4C42-8A35-17921FC35CDD}.Release|Any CPU.Build.0 = Release|Any CPU
		{BD829585-0D17-485C-8F1B-88B291967171}.Debug|Any CPU.ActiveCfg = Debug|Any CPU
		{BD829585-0D17-485C-8F1B-88B291967171}.Debug|Any CPU.Build.0 = Debug|Any CPU
		{BD829585-0D17-485C-8F1B-88B291967171}.Release|Any CPU.ActiveCfg = Release|Any CPU
		{BD829585-0D17-485C-8F1B-88B291967171}.Release|Any CPU.Build.0 = Release|Any CPU
		{99B42DA9-AE23-49B1-BEC6-8B0D60072D23}.Debug|Any CPU.ActiveCfg = Debug|Any CPU
		{99B42DA9-AE23-49B1-BEC6-8B0D60072D23}.Debug|Any CPU.Build.0 = Debug|Any CPU
		{99B42DA9-AE23-49B1-BEC6-8B0D60072D23}.Release|Any CPU.ActiveCfg = Release|Any CPU
		{99B42DA9-AE23-49B1-BEC6-8B0D60072D23}.Release|Any CPU.Build.0 = Release|Any CPU
		{012C9FF2-3007-420D-990D-B8E9FBE3B81B}.Debug|Any CPU.ActiveCfg = Debug|Any CPU
		{012C9FF2-3007-420D-990D-B8E9FBE3B81B}.Debug|Any CPU.Build.0 = Debug|Any CPU
		{012C9FF2-3007-420D-990D-B8E9FBE3B81B}.Release|Any CPU.ActiveCfg = Release|Any CPU
		{012C9FF2-3007-420D-990D-B8E9FBE3B81B}.Release|Any CPU.Build.0 = Release|Any CPU
		{4761CF81-EC98-48A7-8C90-52A83187712B}.Debug|Any CPU.ActiveCfg = Debug|Any CPU
		{4761CF81-EC98-48A7-8C90-52A83187712B}.Debug|Any CPU.Build.0 = Debug|Any CPU
		{4761CF81-EC98-48A7-8C90-52A83187712B}.Release|Any CPU.ActiveCfg = Release|Any CPU
		{4761CF81-EC98-48A7-8C90-52A83187712B}.Release|Any CPU.Build.0 = Release|Any CPU
		{8D060792-2475-42F7-8BAF-95F5884FAAFE}.Debug|Any CPU.ActiveCfg = Debug|Any CPU
		{8D060792-2475-42F7-8BAF-95F5884FAAFE}.Debug|Any CPU.Build.0 = Debug|Any CPU
		{8D060792-2475-42F7-8BAF-95F5884FAAFE}.Release|Any CPU.ActiveCfg = Release|Any CPU
		{8D060792-2475-42F7-8BAF-95F5884FAAFE}.Release|Any CPU.Build.0 = Release|Any CPU
		{5D243B3F-EB05-4732-A2B1-47C4A4E3FE9E}.Debug|Any CPU.ActiveCfg = Debug|Any CPU
		{5D243B3F-EB05-4732-A2B1-47C4A4E3FE9E}.Debug|Any CPU.Build.0 = Debug|Any CPU
		{5D243B3F-EB05-4732-A2B1-47C4A4E3FE9E}.Release|Any CPU.ActiveCfg = Release|Any CPU
		{5D243B3F-EB05-4732-A2B1-47C4A4E3FE9E}.Release|Any CPU.Build.0 = Release|Any CPU
		{B1456CB3-0BBA-4114-9D34-BA1F906910C0}.Debug|Any CPU.ActiveCfg = Debug|Any CPU
		{B1456CB3-0BBA-4114-9D34-BA1F906910C0}.Debug|Any CPU.Build.0 = Debug|Any CPU
		{B1456CB3-0BBA-4114-9D34-BA1F906910C0}.Release|Any CPU.ActiveCfg = Release|Any CPU
		{B1456CB3-0BBA-4114-9D34-BA1F906910C0}.Release|Any CPU.Build.0 = Release|Any CPU
		{9377057D-107A-4381-9A40-921F952B9ABF}.Debug|Any CPU.ActiveCfg = Debug|Any CPU
		{9377057D-107A-4381-9A40-921F952B9ABF}.Debug|Any CPU.Build.0 = Debug|Any CPU
		{9377057D-107A-4381-9A40-921F952B9ABF}.Release|Any CPU.ActiveCfg = Release|Any CPU
		{9377057D-107A-4381-9A40-921F952B9ABF}.Release|Any CPU.Build.0 = Release|Any CPU
	EndGlobalSection
	GlobalSection(SolutionProperties) = preSolution
		HideSolutionNode = FALSE
	EndGlobalSection
EndGlobal
